{
    "name": "dekboard-memebox",
    "version": "1.0.0",
    "lockfileVersion": 2,
    "requires": true,
    "packages": {
        "": {
            "name": "dekboard-memebox",
            "version": "1.0.0",
            "hasInstallScript": true,
            "license": "MIT",
            "dependencies": {
                "@senstate/client": "^0.3.0",
                "@senstate/client-connection": "^0.3.0",
                "axios": "^0.24.0",
                "deckboard-kit": "^0.3.0",
                "ws": "^8.3.0"
            }
        },
        "node_modules/@senstate/client": {
            "version": "0.3.0",
            "resolved": "https://registry.npmjs.org/@senstate/client/-/client-0.3.0.tgz",
            "integrity": "sha512-Cvfbs9ZtQj9epjq/HEtRdWh39ekN+PcGCvxmpz4u195zSPVUqteZy8G6brOs9moh5a9x11b0bGy+R/rrCN8kPA==",
            "peerDependencies": {
                "rxjs": "6.5.3",
                "tslib": "^1.9.0"
            }
        },
        "node_modules/@senstate/client-connection": {
            "version": "0.3.0",
            "resolved": "https://registry.npmjs.org/@senstate/client-connection/-/client-connection-0.3.0.tgz",
            "integrity": "sha512-96jy1nQPzVzOaU0N/nQJRyyiHzv85u4Veti+KwqBgwAsIoTRxinGm7ibecQ6D7pnWsyGae1cIkJKSYjcxNtOPA==",
            "peerDependencies": {
                "@senstate/client": "~0.3.0",
                "tslib": "^1.9.0"
            }
        },
        "node_modules/axios": {
            "version": "0.24.0",
            "resolved": "https://registry.npmjs.org/axios/-/axios-0.24.0.tgz",
            "integrity": "sha512-Q6cWsys88HoPgAaFAVUb0WpPk0O8iTeisR9IMqy9G8AbO4NlpVknrnQS03zzF9PGAWgO3cgletO3VjV/P7VztA==",
            "dependencies": {
                "follow-redirects": "^1.14.4"
            }
        },
        "node_modules/deckboard-kit": {
            "version": "0.3.0",
            "resolved": "https://registry.npmjs.org/deckboard-kit/-/deckboard-kit-0.3.0.tgz",
            "integrity": "sha512-lFs/6fEX1VY40tDofqLw7pL8sF2p/0wAvtnhum5oZiHJA9ft8z8F1SagOWV8MDGtO/c4aFKsJMRRVImebD+ZNw==",
            "dependencies": {
                "electron-log": "^2.2.17"
            }
        },
        "node_modules/electron-log": {
            "version": "2.2.17",
            "resolved": "https://registry.npmjs.org/electron-log/-/electron-log-2.2.17.tgz",
            "integrity": "sha512-v+Af5W5z99ehhaLOfE9eTSXUwjzh2wFlQjz51dvkZ6ZIrET6OB/zAZPvsuwT6tm3t5x+M1r+Ed3U3xtPZYAyuQ=="
        },
        "node_modules/follow-redirects": {
            "version": "1.14.5",
            "resolved": "https://registry.npmjs.org/follow-redirects/-/follow-redirects-1.14.5.tgz",
            "integrity": "sha512-wtphSXy7d4/OR+MvIFbCVBDzZ5520qV8XfPklSN5QtxuMUJZ+b0Wnst1e1lCDocfzuCkHqj8k0FpZqO+UIaKNA==",
            "funding": [
                {
                    "type": "individual",
                    "url": "https://github.com/sponsors/RubenVerborgh"
                }
            ],
            "engines": {
                "node": ">=4.0"
            },
            "peerDependenciesMeta": {
                "debug": {
                    "optional": true
                }
            }
        },
        "node_modules/rxjs": {
            "version": "6.5.3",
            "resolved": "https://registry.npmjs.org/rxjs/-/rxjs-6.5.3.tgz",
            "integrity": "sha512-wuYsAYYFdWTAnAaPoKGNhfpWwKZbJW+HgAJ+mImp+Epl7BG8oNWBCTyRM8gba9k4lk8BgWdoYm21Mo/RYhhbgA==",
            "peer": true,
            "dependencies": {
                "tslib": "^1.9.0"
            },
            "engines": {
                "npm": ">=2.0.0"
            }
        },
        "node_modules/tslib": {
            "version": "1.14.1",
            "resolved": "https://registry.npmjs.org/tslib/-/tslib-1.14.1.tgz",
            "integrity": "sha512-Xni35NKzjgMrwevysHTCArtLDpPvye8zV/0E4EyYn43P7/7qvQwPh9BGkHewbMulVntbigmcT7rdX3BNo9wRJg==",
            "peer": true
        },
        "node_modules/ws": {
            "version": "8.3.0",
            "resolved": "https://registry.npmjs.org/ws/-/ws-8.3.0.tgz",
            "integrity": "sha512-Gs5EZtpqZzLvmIM59w4igITU57lrtYVFneaa434VROv4thzJyV6UjIL3D42lslWlI+D4KzLYnxSwtfuiO79sNw==",
            "engines": {
                "node": ">=10.0.0"
            },
            "peerDependencies": {
                "bufferutil": "^4.0.1",
                "utf-8-validate": "^5.0.2"
            },
            "peerDependenciesMeta": {
                "bufferutil": {
                    "optional": true
                },
                "utf-8-validate": {
                    "optional": true
                }
            }
        }
    },
    "dependencies": {
        "@senstate/client": {
            "version": "0.3.0",
            "resolved": "https://registry.npmjs.org/@senstate/client/-/client-0.3.0.tgz",
            "integrity": "sha512-Cvfbs9ZtQj9epjq/HEtRdWh39ekN+PcGCvxmpz4u195zSPVUqteZy8G6brOs9moh5a9x11b0bGy+R/rrCN8kPA==",
            "requires": {}
        },
        "@senstate/client-connection": {
            "version": "0.3.0",
            "resolved": "https://registry.npmjs.org/@senstate/client-connection/-/client-connection-0.3.0.tgz",
            "integrity": "sha512-96jy1nQPzVzOaU0N/nQJRyyiHzv85u4Veti+KwqBgwAsIoTRxinGm7ibecQ6D7pnWsyGae1cIkJKSYjcxNtOPA==",
            "requires": {}
        },
        "axios": {
            "version": "0.24.0",
            "resolved": "https://registry.npmjs.org/axios/-/axios-0.24.0.tgz",
            "integrity": "sha512-Q6cWsys88HoPgAaFAVUb0WpPk0O8iTeisR9IMqy9G8AbO4NlpVknrnQS03zzF9PGAWgO3cgletO3VjV/P7VztA==",
            "requires": {
                "follow-redirects": "^1.14.4"
            }
        },
        "deckboard-kit": {
            "version": "0.3.0",
            "resolved": "https://registry.npmjs.org/deckboard-kit/-/deckboard-kit-0.3.0.tgz",
            "integrity": "sha512-lFs/6fEX1VY40tDofqLw7pL8sF2p/0wAvtnhum5oZiHJA9ft8z8F1SagOWV8MDGtO/c4aFKsJMRRVImebD+ZNw==",
            "requires": {
                "electron-log": "^2.2.17"
            }
        },
        "electron-log": {
            "version": "2.2.17",
            "resolved": "https://registry.npmjs.org/electron-log/-/electron-log-2.2.17.tgz",
            "integrity": "sha512-v+Af5W5z99ehhaLOfE9eTSXUwjzh2wFlQjz51dvkZ6ZIrET6OB/zAZPvsuwT6tm3t5x+M1r+Ed3U3xtPZYAyuQ=="
        },
        "follow-redirects": {
            "version": "1.14.5",
            "resolved": "https://registry.npmjs.org/follow-redirects/-/follow-redirects-1.14.5.tgz",
            "integrity": "sha512-wtphSXy7d4/OR+MvIFbCVBDzZ5520qV8XfPklSN5QtxuMUJZ+b0Wnst1e1lCDocfzuCkHqj8k0FpZqO+UIaKNA=="
        },
        "rxjs": {
            "version": "6.5.3",
            "resolved": "https://registry.npmjs.org/rxjs/-/rxjs-6.5.3.tgz",
            "integrity": "sha512-wuYsAYYFdWTAnAaPoKGNhfpWwKZbJW+HgAJ+mImp+Epl7BG8oNWBCTyRM8gba9k4lk8BgWdoYm21Mo/RYhhbgA==",
            "peer": true,
            "requires": {
                "tslib": "^1.9.0"
            }
        },
        "tslib": {
            "version": "1.14.1",
            "resolved": "https://registry.npmjs.org/tslib/-/tslib-1.14.1.tgz",
            "integrity": "sha512-Xni35NKzjgMrwevysHTCArtLDpPvye8zV/0E4EyYn43P7/7qvQwPh9BGkHewbMulVntbigmcT7rdX3BNo9wRJg==",
            "peer": true
        },
        "ws": {
            "version": "8.3.0",
            "resolved": "https://registry.npmjs.org/ws/-/ws-8.3.0.tgz",
            "integrity": "sha512-Gs5EZtpqZzLvmIM59w4igITU57lrtYVFneaa434VROv4thzJyV6UjIL3D42lslWlI+D4KzLYnxSwtfuiO79sNw==",
            "requires": {}
        }
    }
}
